github.com/andybalholm/brotli v1.0.0 h1:7UCwP93aiSfvWpapti8g88vVVGp2qqtGyePsSuDafo4=
github.com/andybalholm/brotli v1.0.0/go.mod h1:loMXtMfwqflxFJPmdbJO0a3KNoPuLBgiu3qAvBg8x/Y=
github.com/andybalholm/brotli v1.0.1 h1:KqhlKozYbRtJvsPrrEeXcO+N2l6NYT5A2QAFmSULpEc=
github.com/andybalholm/brotli v1.0.1/go.mod h1:loMXtMfwqflxFJPmdbJO0a3KNoPuLBgiu3qAvBg8x/Y=
github.com/davecgh/go-spew v1.1.0/go.mod h1:J7Y8YcW2NihsgmVo/mv3lAwl/skON4iLHjSsI+c5H38=
github.com/davecgh/go-spew v1.1.1/go.mod h1:J7Y8YcW2NihsgmVo/mv3lAwl/skON4iLHjSsI+c5H38=
github.com/eapache/go-xerial-snappy v0.0.0-20180814174437-776d5712da21/go.mod h1:+020luEh2TKB4/GOp8oxxtq0Daoen/Cii55CzbTV6DU=
github.com/fasthttp/websocket v1.4.2/go.mod h1:smsv/h4PBEBaU0XDTY5UwJTpZv69fQ0FfcLJr21mA6Y=
github.com/fasthttp/websocket v1.4.3 h1:qjhRJ/rTy4KB8oBxljEC00SDt6HUY9jLRfM601SUdS4=
github.com/fasthttp/websocket v1.4.3/go.mod h1:5r4oKssgS7W6Zn6mPWap3NWzNPJNzUUh3baWTOhcYQk=
github.com/gofiber/fiber/v2 v2.1.0/go.mod h1:aG+lMkwy3LyVit4CnmYUbUdgjpc3UYOltvlJZ78rgQ0=
github.com/gofiber/fiber/v2 v2.1.3/go.mod h1:MMiSv1HrDkN8Pv7NeVDYK+T/lwXOEKAvPBbLvJPCEfA=
github.com/gofiber/fiber/v2 v2.2.0 h1:U9IkTlomVnR+Q5aBhgC0R6ePTiwTnNLXWQR+h+oYUN8=
github.com/gofiber/fiber/v2 v2.2.0/go.mod h1:Slpou87elSO9qom9nwIo/IoQJ2qfRuMAQ/qQ9F0o4b0=
github.com/gofiber/fiber/v2 v2.8.0 h1:BdWvZmg/WY/Vjtjm38aXOp1Lks1BhuyS2b7lSWSPAzk=
github.com/gofiber/fiber/v2 v2.8.0/go.mod h1:Ah3IJikrKNRepl/HuVawppS25X7FWohwfCSRn7kJG28=
github.com/gofiber/websocket/v2 v2.0.2 h1:UA/6NpyG+vmPGlvJvW8MJPJpRFuS7abinZ5HbLuV8u0=
github.com/gofiber/websocket/v2 v2.0.2/go.mod h1:7VBnzEVRK0K0eTIVc5GbXPF1JWUFnllY0X4cRtG2v78=
github.com/gofiber/websocket/v2 v2.0.3 h1:nqPGHB4LQhxKX5KJUjayOd2xiiENieS/dn6TPfCL8uk=
github.com/gofiber/websocket/v2 v2.0.3/go.mod h1:/OTEImCxORKE5unw0dWqJYovid6vZF+wB1W0aaMKs2M=
github.com/golang/snappy v0.0.1 h1:Qgr9rKW7uDUkrbSmQeiDsGa8SjGyCOGtuasMWwvp2P4=
github.com/golang/snappy v0.0.1/go.mod h1:/XxbfmMg8lxefKM7IXC3fBNl/7bRcc72aCRzEWrmP2Q=
github.com/google/go-cmp v0.5.2/go.mod h1:v8dTdLbMG2kIc/vJvl+f65V22dbkXbowE6jgT/gNBxE=
github.com/google/go-cmp v0.5.4/go.mod h1:v8dTdLbMG2kIc/vJvl+f65V22dbkXbowE6jgT/gNBxE=
github.com/google/go-cmp v0.5.5/go.mod h1:v8dTdLbMG2kIc/vJvl+f65V22dbkXbowE6jgT/gNBxE=
github.com/google/uuid v1.1.2 h1:EVhdT+1Kseyi1/pUmXKaFxYsDNy9RQYkMWRH68J/W7Y=
github.com/google/uuid v1.1.2/go.mod h1:TIyPZe4MgqvfeYDBFedMoGGpEw/LqOeaOT+nhxU+yHo=
github.com/google/uuid v1.2.0 h1:qJYtXnJRWmpe7m/3XlyhrsLrEURqHRM2kxzoxXqyUDs=
github.com/google/uuid v1.2.0/go.mod h1:TIyPZe4MgqvfeYDBFedMoGGpEw/LqOeaOT+nhxU+yHo=
github.com/klauspost/compress v1.8.2/go.mod h1:RyIbtBH6LamlWaDj8nUwkbUhJ87Yi3uG0guNDohfE1A=
github.com/klauspost/compress v1.9.8/go.mod h1:RyIbtBH6LamlWaDj8nUwkbUhJ87Yi3uG0guNDohfE1A=
github.com/klauspost/compress v1.10.4/go.mod h1:aoV0uJVorq1K+umq18yTdKaF57EivdYsUV+/s2qKfXs=
github.com/klauspost/compress v1.10.7/go.mod h1:aoV0uJVorq1K+umq18yTdKaF57EivdYsUV+/s2qKfXs=
github.com/klauspost/compress v1.11.0 h1:wJbzvpYMVGG9iTI9VxpnNZfd4DzMPoCWze3GgSqz8yg=
github.com/klauspost/compress v1.11.0/go.mod h1:aoV0uJVorq1K+umq18yTdKaF57EivdYsUV+/s2qKfXs=
github.com/klauspost/compress v1.11.8/go.mod h1:aoV0uJVorq1K+umq18yTdKaF57EivdYsUV+/s2qKfXs=
github.com/klauspost/compress v1.11.13 h1:eSvu8Tmq6j2psUJqJrLcWH6K3w5Dwc+qipbaA6eVEN4=
github.com/klauspost/compress v1.11.13/go.mod h1:aoV0uJVorq1K+umq18yTdKaF57EivdYsUV+/s2qKfXs=
github.com/klauspost/cpuid v1.2.1/go.mod h1:Pj4uuM528wm8OyEC2QMXAi2YiTZ96dNQPGgoMS4s3ek=
github.com/magefile/mage v1.10.0 h1:3HiXzCUY12kh9bIuyXShaVe529fJfyqoVM42o/uom2g=
github.com/magefile/mage v1.10.0/go.mod h1:z5UZb/iS3GoOSn0JgWuiw7dxlurVYTu+/jHXqQg881A=
github.com/mitchellh/mapstructure v1.4.0 h1:7ks8ZkOP5/ujthUsT07rNv+nkLXCQWKNHuwzOAesEks=
github.com/mitchellh/mapstructure v1.4.0/go.mod h1:bFUtVrKA4DC2yAKiSyO/QUcy7e+RRV2QTWOzhPopBRo=
github.com/mitchellh/mapstructure v1.4.1 h1:CpVNEelQCZBooIPDn+AR3NpivK/TIKU8bDxdASFVQag=
github.com/mitchellh/mapstructure v1.4.1/go.mod h1:bFUtVrKA4DC2yAKiSyO/QUcy7e+RRV2QTWOzhPopBRo=
github.com/pierrec/lz4 v2.0.5+incompatible h1:2xWsjqPFWcplujydGg4WmhC/6fZqK42wMM8aXeqhl0I=
github.com/pierrec/lz4 v2.0.5+incompatible/go.mod h1:pdkljMzZIN41W+lC3N2tnIh5sFi+IEE17M5jbnwPHcY=
github.com/pmezard/go-difflib v1.0.0/go.mod h1:iKH77koFhYxTK1pcRnkKkqfTogsbg7gZNVY4sRDYZ/4=
github.com/savsgio/gotils v0.0.0-20200117113501-90175b0fbe3f/go.mod h1:lHhJedqxCoHN+zMtwGNTXWmF0u9Jt363FYRhV6g0CdY=
github.com/savsgio/gotils v0.0.0-20200608150037-a5f6f5aef16c h1:2nF5+FZ4/qp7pZVL7fR6DEaSTzuDmNaFTyqp92/hwF8=
github.com/savsgio/gotils v0.0.0-20200608150037-a5f6f5aef16c/go.mod h1:TWNAOTaVzGOXq8RbEvHnhzA/A2sLZzgn0m6URjnukY8=
github.com/segmentio/kafka-go v0.4.8 h1:LO36H2tb7RcCRjsYzT/qf7xE+vRBXgddZDD82e1eiWY=
github.com/segmentio/kafka-go v0.4.8/go.mod h1:Inh7PqOsxmfgasV8InZYKVXWsdjcCq2d9tFV75GLbuM=
github.com/sirupsen/logrus v1.8.0 h1:nfhvjKcUMhBMVqbKHJlk5RPrrfYr/NMo3692g0dwfWU=
github.com/sirupsen/logrus v1.8.0/go.mod h1:4GuYW9TZmE769R5STWrRakJc4UqQ3+QQ95fyz7ENv1A=
github.com/sirupsen/logrus v1.8.1 h1:dJKuHgqk1NNQlqoA6BTlM1Wf9DOH3NBjQyu0h9+AZZE=
github.com/sirupsen/logrus v1.8.1/go.mod h1:yWOB1SBYBC5VeMP7gHvWumXLIWorT60ONWic61uBYv0=
github.com/stretchr/objx v0.1.0/go.mod h1:HFkY916IF+rwdDfMAkV7OtwuqBVzrE8GR6GFx+wExME=
github.com/stretchr/testify v1.2.2/go.mod h1:a8OnRcib4nhh0OaRAV+Yts87kKdq0PP7pXfy6kDkUVs=
github.com/stretchr/testify v1.6.1/go.mod h1:6Fq8oRcR53rry900zMqJjRRixrwX3KX962/h/Wwjteg=
github.com/stretchr/testify v1.7.0/go.mod h1:6Fq8oRcR53rry900zMqJjRRixrwX3KX962/h/Wwjteg=
github.com/valyala/bytebufferpool v1.0.0 h1:GqA5TC/0021Y/b9FG4Oi9Mr3q7XYx6KllzawFIhcdPw=
github.com/valyala/bytebufferpool v1.0.0/go.mod h1:6bBcMArwyJ5K/AmCkWv1jt77kVWyCJ6HpOuEn7z0Csc=
github.com/valyala/fasthttp v1.9.0/go.mod h1:FstJa9V+Pj9vQ7OJie2qMHdwemEDaDiSdBnvPM1Su9w=
github.com/valyala/fasthttp v1.14.0/go.mod h1:ol1PCaL0dX20wC0htZ7sYCsvCYmrouYra0zHzaclZhE=
github.com/valyala/fasthttp v1.16.0/go.mod h1:YOKImeEosDdBPnxc0gy7INqi3m1zK6A+xl6TwOBhHCA=
github.com/valyala/fasthttp v1.17.0 h1:P8/koH4aSnJ4xbd0cUUFEGQs3jQqIxoDDyRQrUiAkqg=
github.com/valyala/fasthttp v1.17.0/go.mod h1:jjraHZVbKOXftJfsOYoAjaeygpj5hr8ermTRJNroD7A=
github.com/valyala/fasthttp v1.23.0 h1:0ufwSD9BhWa6f8HWdmdq4FHQ23peRo3Ng/Qs8m5NcFs=
github.com/valyala/fasthttp v1.23.0/go.mod h1:0mw2RjXGOzxf4NL2jni3gUQ7LfjjUSiG5sskOUUSEpU=
github.com/valyala/tcplisten v0.0.0-20161114210144-ceec8f93295a h1:0R4NLDRDZX6JcmhJgXi5E4b8Wg84ihbmUKp/GvSPEzc=
github.com/valyala/tcplisten v0.0.0-20161114210144-ceec8f93295a/go.mod h1:v3UYOV9WzVtRmSR+PDvWpU/qWl4Wa5LApYYX4ZtKbio=
github.com/whitaker-io/components/utils v0.13.9 h1:NTu4J2mYYmN453AI4PTO4scWpRkyUb7XyF29bDnVVbE=
github.com/whitaker-io/components/utils v0.13.9/go.mod h1:pegs4WRO+5vMGziFFtBKJgCq8Fw8Q97obXjV0/HnBtM=
github.com/whitaker-io/data v0.1.2 h1:AmjVjQu0JMjmTxMgQc+jb+Hm9Nbf7PmXytB4XbWvBDY=
github.com/whitaker-io/data v0.1.2/go.mod h1:a7+TjyUrdKkpbLLGH9FwflI/LU93x5FyQ22mWvoKXQk=
github.com/whitaker-io/machine v0.11.4 h1:NPy53s5xhuE5+naPyo+LRW9ym7mxorO59AFMOHoCezg=
github.com/whitaker-io/machine v0.11.4/go.mod h1:JwN3ei4KUbV2041ZS5RPhdz5xNizv0JuzpUAht3mKVA=
github.com/whitaker-io/machine v0.11.10 h1:1ypN8jzo0JuetoHxSwuvsfKdTmjEsh2fzH+PqtfQP20=
github.com/whitaker-io/machine v0.11.10/go.mod h1:JwN3ei4KUbV2041ZS5RPhdz5xNizv0JuzpUAht3mKVA=
github.com/whitaker-io/machine v0.11.11 h1:SEIpJC6bILQeEUkmTJQd+4fRC9w39yY6XS09QIGfbbI=
github.com/whitaker-io/machine v0.11.11/go.mod h1:JwN3ei4KUbV2041ZS5RPhdz5xNizv0JuzpUAht3mKVA=
github.com/whitaker-io/machine v0.11.12 h1:Zs67n6Mp7lfokX16JTvbmvhkL0Gr1ClJyADioplWlo8=
github.com/whitaker-io/machine v0.11.12/go.mod h1:JwN3ei4KUbV2041ZS5RPhdz5xNizv0JuzpUAht3mKVA=
github.com/whitaker-io/machine v0.11.13 h1:HP4X+mKlwY0gjwWMGkJKEZMwkfxBSPtpA6ej0/XiX1Y=
github.com/whitaker-io/machine v0.11.13/go.mod h1:JwN3ei4KUbV2041ZS5RPhdz5xNizv0JuzpUAht3mKVA=
github.com/whitaker-io/machine v0.11.14 h1:WPtBb3e8LUkISAtQCvkpU3K3iQaieqBh4Eis7Bj4SkU=
github.com/whitaker-io/machine v0.11.14/go.mod h1:JwN3ei4KUbV2041ZS5RPhdz5xNizv0JuzpUAht3mKVA=
github.com/whitaker-io/machine v0.11.15 h1:S8riZ0JcposwOOxoR4S3EvGxPG4MOED1/JbA5DNAA0I=
github.com/whitaker-io/machine v0.11.15/go.mod h1:JwN3ei4KUbV2041ZS5RPhdz5xNizv0JuzpUAht3mKVA=
github.com/whitaker-io/machine v0.11.16 h1:OD5HzSY5htLiJLgL4tA2lAX6lC6MM9j7F4U6lwQ8FCA=
github.com/whitaker-io/machine v0.11.16/go.mod h1:JwN3ei4KUbV2041ZS5RPhdz5xNizv0JuzpUAht3mKVA=
github.com/whitaker-io/machine v0.11.17 h1:0CpiaoxywK46/N+gB1J/tZbF+kU8iz6OuCaIC3Sh9zQ=
github.com/whitaker-io/machine v0.11.17/go.mod h1:JwN3ei4KUbV2041ZS5RPhdz5xNizv0JuzpUAht3mKVA=
github.com/whitaker-io/machine v0.11.18 h1:W2Yfdq6AywqrCqU9mVz8vqc9MXy74JpiOCor5YFOh+A=
github.com/whitaker-io/machine v0.11.18/go.mod h1:JwN3ei4KUbV2041ZS5RPhdz5xNizv0JuzpUAht3mKVA=
github.com/whitaker-io/machine v0.11.19 h1:e8WruRBJAzdhurcbrsCDaRWj6zGqThi+p9Bv7u+CsFY=
github.com/whitaker-io/machine v0.11.19/go.mod h1:JwN3ei4KUbV2041ZS5RPhdz5xNizv0JuzpUAht3mKVA=
github.com/whitaker-io/machine v0.11.20 h1:XJqGvQG/xMb85KJp4u0vzqbJ2iivK6aupxvRSEzJ5UU=
github.com/whitaker-io/machine v0.11.20/go.mod h1:JwN3ei4KUbV2041ZS5RPhdz5xNizv0JuzpUAht3mKVA=
github.com/whitaker-io/machine v0.11.21 h1:Yi1V82mW7np5+yFNgsJtUjxsZAjcTkA3RNBBaBhV1TY=
github.com/whitaker-io/machine v0.11.21/go.mod h1:JwN3ei4KUbV2041ZS5RPhdz5xNizv0JuzpUAht3mKVA=
github.com/whitaker-io/machine v0.11.22 h1:21l4H95aWVPWk+WQfbRjlZb5wkQ7YfmNqkiqptaE7l4=
github.com/whitaker-io/machine v0.11.22/go.mod h1:JwN3ei4KUbV2041ZS5RPhdz5xNizv0JuzpUAht3mKVA=
github.com/whitaker-io/machine v0.11.23 h1:heJtntC+DKDXTdP3F+e+AfMPBnKiq/7f6BOUb7EcatM=
github.com/whitaker-io/machine v0.11.23/go.mod h1:JwN3ei4KUbV2041ZS5RPhdz5xNizv0JuzpUAht3mKVA=
github.com/whitaker-io/machine v0.11.24 h1:82fOg0wReyWRaj2d1E1nx0G5vb4kiJCUIM4FuADySiE=
github.com/whitaker-io/machine v0.11.24/go.mod h1:JwN3ei4KUbV2041ZS5RPhdz5xNizv0JuzpUAht3mKVA=
github.com/whitaker-io/machine v0.11.25 h1:0yTHXAYAbvgZZHEzbPRzcz7kBB7p++TKnzRPR+QCpf8=
github.com/whitaker-io/machine v0.11.25/go.mod h1:JwN3ei4KUbV2041ZS5RPhdz5xNizv0JuzpUAht3mKVA=
github.com/whitaker-io/machine v0.11.26 h1:QOzz/v9Y1ByS96OgjS2qixevgtHGUdK7jOJK2QK1QYU=
github.com/whitaker-io/machine v0.11.26/go.mod h1:7YpOfdU5tfNv6vG49mF6ABsvO5SwzPYHk541M5PuZRc=
github.com/whitaker-io/machine v0.11.27 h1:Kl+j4OiRsiqdc5RznzJa5HVirbYpbkdN/pgFDsTzFY8=
github.com/whitaker-io/machine v0.11.27/go.mod h1:7YpOfdU5tfNv6vG49mF6ABsvO5SwzPYHk541M5PuZRc=
github.com/whitaker-io/machine v0.11.28 h1:+Cppr9z64sanCD55/4u0C/rBcrcoufle5kFjBhpMYUY=
github.com/whitaker-io/machine v0.11.28/go.mod h1:7YpOfdU5tfNv6vG49mF6ABsvO5SwzPYHk541M5PuZRc=
github.com/whitaker-io/machine v0.11.29 h1:jxZA4bMqW2b/bB8AAmYjnJN6a+npiXIPZQa8FqgR/tc=
github.com/whitaker-io/machine v0.11.29/go.mod h1:9o1fdHzu9RVGuIdVvd6+YVfvS//KfG+WQDVw8QDhGK0=
github.com/whitaker-io/machine v0.12.0 h1:tKKvBAdjZML4gvEsLqKgCE8erQeCwB4wYcqWitXH5GA=
github.com/whitaker-io/machine v0.12.0/go.mod h1:9o1fdHzu9RVGuIdVvd6+YVfvS//KfG+WQDVw8QDhGK0=
github.com/whitaker-io/machine v0.12.1 h1:GednwaDWDK5TxS/aq9Ssbwq0ai4pXgsDMTqnYg48AYU=
github.com/whitaker-io/machine v0.12.1/go.mod h1:9o1fdHzu9RVGuIdVvd6+YVfvS//KfG+WQDVw8QDhGK0=
github.com/whitaker-io/machine v0.12.2 h1:NlBScqZV86RPogU4uQE7256DfFfOyvcFXkNmfw4WDAE=
github.com/whitaker-io/machine v0.12.2/go.mod h1:9o1fdHzu9RVGuIdVvd6+YVfvS//KfG+WQDVw8QDhGK0=
github.com/whitaker-io/machine v0.12.3 h1:Id+tMa2XyCcHKH1jA798J3K4Tgfiz+aBnIsRu23JlJ8=
github.com/whitaker-io/machine v0.12.3/go.mod h1:9o1fdHzu9RVGuIdVvd6+YVfvS//KfG+WQDVw8QDhGK0=
github.com/whitaker-io/machine v0.12.4 h1:TSvh8plrYfibVISgx3xtLCQ9rz4nzJxBn3dbO5M2fK4=
github.com/whitaker-io/machine v0.12.4/go.mod h1:9o1fdHzu9RVGuIdVvd6+YVfvS//KfG+WQDVw8QDhGK0=
github.com/whitaker-io/machine v0.12.5 h1:V2FpXa3swUg+WdPjEdXKn4PeqRDlSpnPd4XbUMtoRe4=
github.com/whitaker-io/machine v0.12.5/go.mod h1:9o1fdHzu9RVGuIdVvd6+YVfvS//KfG+WQDVw8QDhGK0=
github.com/whitaker-io/machine v0.12.6 h1:5qeX6si5W+tahKHZCLGmc2riOyDUGtdiJhVCMEsnUF0=
github.com/whitaker-io/machine v0.12.6/go.mod h1:9o1fdHzu9RVGuIdVvd6+YVfvS//KfG+WQDVw8QDhGK0=
github.com/whitaker-io/machine v0.12.7 h1:AOzbozve5zTjXq96bi7wbyR3JhNVBCfD5D7hP0NwSYo=
github.com/whitaker-io/machine v0.12.7/go.mod h1:9o1fdHzu9RVGuIdVvd6+YVfvS//KfG+WQDVw8QDhGK0=
github.com/whitaker-io/machine v0.12.8 h1:D6mkGE7pMO1ThvlVOs8MEORSFvbJcIS7beAaFm2rncc=
github.com/whitaker-io/machine v0.12.8/go.mod h1:9o1fdHzu9RVGuIdVvd6+YVfvS//KfG+WQDVw8QDhGK0=
github.com/whitaker-io/machine v0.13.0 h1:wAfT5qelmpaEeratCNEqcPjGbEMKeSwVNmVRye/N/w0=
github.com/whitaker-io/machine v0.13.0/go.mod h1:9o1fdHzu9RVGuIdVvd6+YVfvS//KfG+WQDVw8QDhGK0=
github.com/whitaker-io/machine v0.13.1 h1:ZYNwvfPoERBOugjPq+rXf9TEgirhDAJnbXq9FmTlUoU=
github.com/whitaker-io/machine v0.13.1/go.mod h1:9o1fdHzu9RVGuIdVvd6+YVfvS//KfG+WQDVw8QDhGK0=
github.com/whitaker-io/machine v0.13.2 h1:AaxOif4HAHIjS/RWv1WUMF5iwGdc2Py8Qr2dFC0NL94=
github.com/whitaker-io/machine v0.13.2/go.mod h1:9o1fdHzu9RVGuIdVvd6+YVfvS//KfG+WQDVw8QDhGK0=
github.com/whitaker-io/machine v0.13.3 h1:Dj8BbL36EizI3VelsXfH2tKQDIPXqNRHCW9Pgfl38ks=
github.com/whitaker-io/machine v0.13.3/go.mod h1:9o1fdHzu9RVGuIdVvd6+YVfvS//KfG+WQDVw8QDhGK0=
github.com/whitaker-io/machine v0.13.4 h1:95ZjSO+KCpwPsJNb5ecGNo77csW/P8l5Y+/Pnd6yoLU=
github.com/whitaker-io/machine v0.13.4/go.mod h1:9o1fdHzu9RVGuIdVvd6+YVfvS//KfG+WQDVw8QDhGK0=
github.com/whitaker-io/machine v0.13.5 h1:45ssgzxddXK5acnywQGhJ4PRoeSR2XhVi3AinQIOIPY=
github.com/whitaker-io/machine v0.13.5/go.mod h1:9o1fdHzu9RVGuIdVvd6+YVfvS//KfG+WQDVw8QDhGK0=
github.com/whitaker-io/machine v0.13.6 h1:ootRck2RxQrpTSbuSzS682pSbJRl21l0T0/gcv1fk2k=
github.com/whitaker-io/machine v0.13.6/go.mod h1:9o1fdHzu9RVGuIdVvd6+YVfvS//KfG+WQDVw8QDhGK0=
github.com/whitaker-io/machine v0.13.7 h1:Ist5wrmnDTmaoksyZoAxPdW0qtjVlb54lakl5tfDsJY=
github.com/whitaker-io/machine v0.13.7/go.mod h1:9o1fdHzu9RVGuIdVvd6+YVfvS//KfG+WQDVw8QDhGK0=
github.com/whitaker-io/machine v0.13.8 h1:D4nXidwQl0qt2a8FrNYRWHOeiTEWkNlK1EkDHbeINSE=
github.com/whitaker-io/machine v0.13.8/go.mod h1:9o1fdHzu9RVGuIdVvd6+YVfvS//KfG+WQDVw8QDhGK0=
github.com/whitaker-io/machine v0.13.9 h1:h4Q010BHbeG1OdjMhMqwpEdHM+fzljFeAPyOcrjDhyg=
github.com/whitaker-io/machine v0.13.9/go.mod h1:9o1fdHzu9RVGuIdVvd6+YVfvS//KfG+WQDVw8QDhGK0=
github.com/whitaker-io/machine v0.13.10 h1:31n0gUXSe6X8WUs+3Nv+Rqdv6oHZRa2mR+nYsAUPuLs=
github.com/whitaker-io/machine v0.13.10/go.mod h1:9o1fdHzu9RVGuIdVvd6+YVfvS//KfG+WQDVw8QDhGK0=
github.com/whitaker-io/machine v0.13.11 h1:R1TbxDyMjyILHJ+V57zUc0/Uig0Vz1kDu98ucLvNSAg=
github.com/whitaker-io/machine v0.13.11/go.mod h1:9o1fdHzu9RVGuIdVvd6+YVfvS//KfG+WQDVw8QDhGK0=
github.com/whitaker-io/machine v0.13.12 h1:Q2Bw8R4wjRYm4ymvvCB9xy3OJ3vwFe4efWxgqFU4wqw=
github.com/whitaker-io/machine v0.13.12/go.mod h1:9o1fdHzu9RVGuIdVvd6+YVfvS//KfG+WQDVw8QDhGK0=
github.com/whitaker-io/machine v0.14.0 h1:Fc5jr76rhOk6QYSr713qW0vK9bqlOh4l0jHH6ZzfRzU=
github.com/whitaker-io/machine v0.14.0/go.mod h1:CRVwjrza4ItkEZ+34/TOEaycgYeb00EEdUoAnqbFtFc=
github.com/whitaker-io/machine v0.14.1 h1:2mX9Ojfm+X1GCvZXsRHl90WTMeOa7HXuMbwOH7DUsJc=
github.com/whitaker-io/machine v0.14.1/go.mod h1:KkJE/HibwO4tSrxnXsF/pT9bKzgTKW2M2WBkWxqusTo=
github.com/whitaker-io/machine v0.14.2 h1:Z/Jhpoh1ZtDusONmHgkg3cBL/Lg4MVteAQlOKjD/I2o=
github.com/whitaker-io/machine v0.14.2/go.mod h1:KkJE/HibwO4tSrxnXsF/pT9bKzgTKW2M2WBkWxqusTo=
github.com/whitaker-io/machine v0.14.3 h1:R8b+oFPazPp0H/2LY4VWZYWEwcGOrQ/239OOvssH0Q4=
github.com/whitaker-io/machine v0.14.3/go.mod h1:KkJE/HibwO4tSrxnXsF/pT9bKzgTKW2M2WBkWxqusTo=
github.com/whitaker-io/machine v0.14.4 h1:Px3n6m8VEkvwP6t+t/P1P+g/NU5Yls/ES9bXKsf8YaY=
github.com/whitaker-io/machine v0.14.4/go.mod h1:w6XBGwgfaa4QnGDK5urVRsrU4kdgkoo/ceX4smVTOMk=
github.com/whitaker-io/machine v0.14.5 h1:IaFAaxD7/VaoxmOolI0kxYpIA6Dm5KH+Ypfyav2Wf1o=
github.com/whitaker-io/machine v0.14.5/go.mod h1:TAh34CHBrUda3qzZ1tr9H4ZFBbWWOLRxuRzPeLVicWE=
github.com/whitaker-io/machine v0.14.6 h1:xdsmrNJT/yPDmwGUY39cHAzOr9To1BBm/tJWyRQORzc=
github.com/whitaker-io/machine v0.14.6/go.mod h1:9G8ubvQP0QRDF0GN4TW1sMJVVVg5ifjy+GyMtxBv0HQ=
github.com/whitaker-io/machine v0.14.7 h1:RGi4G27FtIOX3BTesb2lodj3Y0gw9yU0+sRIgOWUNUA=
github.com/whitaker-io/machine v0.14.7/go.mod h1:M3JNqL4sSn57wlZAmLysqcQ3xb+S6UV9MHcNBj6UNRM=
github.com/whitaker-io/machine v0.15.0 h1:WJpqmsjlVuULXi4CG8dgjigaf7wS1Pb9bBNfYHOysnk=
github.com/whitaker-io/machine v0.15.0/go.mod h1:M3JNqL4sSn57wlZAmLysqcQ3xb+S6UV9MHcNBj6UNRM=
github.com/xdg/scram v0.0.0-20180814205039-7eeb5667e42c/go.mod h1:lB8K/P019DLNhemzwFU4jHLhdvlE6uDZjXFejJXr49I=
github.com/xdg/stringprep v1.0.0/go.mod h1:Jhud4/sHMO4oL310DaZAKk9ZaJ08SJfe+sJh0HrGL1Y=
go.opentelemetry.io/otel v0.13.0 h1:2isEnyzjjJZq6r2EKMsFj4TxiQiexsM04AVhwbR/oBA=
go.opentelemetry.io/otel v0.13.0/go.mod h1:dlSNewoRYikTkotEnxdmuBHgzT+k/idJSfDv/FxEnOY=
go.opentelemetry.io/otel v0.18.0 h1:d5Of7+Zw4ANFOJB+TIn2K3QWsgS2Ht7OU9DqZHI6qu8=
go.opentelemetry.io/otel v0.18.0/go.mod h1:PT5zQj4lTsR1YeARt8YNKcFb88/c2IKoSABK9mX0r78=
go.opentelemetry.io/otel v0.20.0 h1:eaP0Fqu7SXHwvjiqDq83zImeehOHX8doTvU9AwXON8g=
go.opentelemetry.io/otel v0.20.0/go.mod h1:Y3ugLH2oa81t5QO+Lty+zXf8zC9L26ax4Nzoxm/dooo=
go.opentelemetry.io/otel/metric v0.18.0 h1:yuZCmY9e1ZTaMlZXLrrbAPmYW6tW1A5ozOZeOYGaTaY=
go.opentelemetry.io/otel/metric v0.18.0/go.mod h1:kEH2QtzAyBy3xDVQfGZKIcok4ZZFvd5xyKPfPcuK6pE=
go.opentelemetry.io/otel/metric v0.20.0 h1:4kzhXFP+btKm4jwxpjIqjs41A7MakRFUS86bqLHTIw8=
go.opentelemetry.io/otel/metric v0.20.0/go.mod h1:598I5tYlH1vzBjn+BTuhzTCSb/9debfNp6R3s7Pr1eU=
go.opentelemetry.io/otel/oteltest v0.18.0/go.mod h1:NyierCU3/G8DLTva7KRzGii2fdxdR89zXKH1bNWY7Bo=
go.opentelemetry.io/otel/oteltest v0.20.0/go.mod h1:L7bgKf9ZB7qCwT9Up7i9/pn0PWIa9FqQ2IQ8LoxiGnw=
go.opentelemetry.io/otel/trace v0.18.0 h1:ilCfc/fptVKaDMK1vWk0elxpolurJbEgey9J6g6s+wk=
go.opentelemetry.io/otel/trace v0.18.0/go.mod h1:FzdUu3BPwZSZebfQ1vl5/tAa8LyMLXSJN57AXIt/iDk=
go.opentelemetry.io/otel/trace v0.20.0 h1:1DL6EXUdcg95gukhuRRvLDO/4X5THh/5dIV52lqtnbw=
go.opentelemetry.io/otel/trace v0.20.0/go.mod h1:6GjCW8zgDjwGHGa6GkyeB8+/5vjT16gUEi0Nf1iBdgw=
golang.org/x/crypto v0.0.0-20190308221718-c2843e01d9a2/go.mod h1:djNgcEr1/C05ACkg1iLfiJU5Ep61QUkGW8qpdssI0+w=
golang.org/x/crypto v0.0.0-20190506204251-e1dfcc566284/go.mod h1:yigFU9vqHzYiE8UmvKecakEJjdnWj3jj499lnFckfCI=
golang.org/x/crypto v0.0.0-20200622213623-75b288015ac9/go.mod h1:LzIPMQfyMNhhGPhUkYOs5KpL4U8rLKemX1yGLhDgUto=
golang.org/x/crypto v0.0.0-20210220033148-5ea612d1eb83/go.mod h1:jdWPYTVW3xRLrWPugEBEK3UY2ZEsg3UU495nc5E+M+I=
golang.org/x/net v0.0.0-20190404232315-eb5bcb51f2a3/go.mod h1:t9HGtf8HONx5eT2rtn7q6eTqICYqUVnKs3thJo3Qplg=
golang.org/x/net v0.0.0-20190827160401-ba9fcec4b297/go.mod h1:z5CRVTTTmAJ677TzLLGU+0bjPO0LkuOLi4/5GtJWs/s=
golang.org/x/net v0.0.0-20200324143707-d3edc9973b7e/go.mod h1:qpuaurCH72eLCgpAm/N6yyVIVM9cpaDIP3A8BGJEC5A=
golang.org/x/net v0.0.0-20200602114024-627f9648deb9/go.mod h1:qpuaurCH72eLCgpAm/N6yyVIVM9cpaDIP3A8BGJEC5A=
golang.org/x/net v0.0.0-20201016165138-7b1cca2348c0/go.mod h1:sp8m0HH+o8qH0wwXwYZr8TS3Oi6o0r6Gce1SSxlDquU=
golang.org/x/net v0.0.0-20210226101413-39120d07d75e/go.mod h1:m0MpNAwzfU5UDzcl9v0D8zg8gWTRqZa9RBIspLL5mdg=
golang.org/x/sys v0.0.0-20190215142949-d0b11bdaac8a/go.mod h1:STP8DvDyc/dI5b8T5hshtkjS+E42TnysNCUPdjciGhY=
golang.org/x/sys v0.0.0-20190412213103-97732733099d/go.mod h1:h1NjWce9XRLGQEsW7wpKNCjG9DtNlClVuFLEZdDNbEs=
golang.org/x/sys v0.0.0-20191026070338-33540a1f6037/go.mod h1:h1NjWce9XRLGQEsW7wpKNCjG9DtNlClVuFLEZdDNbEs=
golang.org/x/sys v0.0.0-20200323222414-85ca7c5b95cd/go.mod h1:h1NjWce9XRLGQEsW7wpKNCjG9DtNlClVuFLEZdDNbEs=
golang.org/x/sys v0.0.0-20200602225109-6fdc65e7d980/go.mod h1:h1NjWce9XRLGQEsW7wpKNCjG9DtNlClVuFLEZdDNbEs=
golang.org/x/sys v0.0.0-20200930185726-fdedc70b468f/go.mod h1:h1NjWce9XRLGQEsW7wpKNCjG9DtNlClVuFLEZdDNbEs=
golang.org/x/sys v0.0.0-20201015000850-e3ed0017c211/go.mod h1:h1NjWce9XRLGQEsW7wpKNCjG9DtNlClVuFLEZdDNbEs=
golang.org/x/sys v0.0.0-20201101102859-da207088b7d1 h1:a/mKvvZr9Jcc8oKfcmgzyp7OwF73JPWsQLvH1z2Kxck=
golang.org/x/sys v0.0.0-20201101102859-da207088b7d1/go.mod h1:h1NjWce9XRLGQEsW7wpKNCjG9DtNlClVuFLEZdDNbEs=
golang.org/x/sys v0.0.0-20201119102817-f84b799fce68/go.mod h1:h1NjWce9XRLGQEsW7wpKNCjG9DtNlClVuFLEZdDNbEs=
golang.org/x/sys v0.0.0-20210225134936-a50acf3fe073 h1:8qxJSnu+7dRq6upnbntrmriWByIakBuct5OM/MdQC1M=
golang.org/x/sys v0.0.0-20210225134936-a50acf3fe073/go.mod h1:h1NjWce9XRLGQEsW7wpKNCjG9DtNlClVuFLEZdDNbEs=
golang.org/x/term v0.0.0-20201117132131-f5c789dd3221/go.mod h1:Nr5EML6q2oocZ2LXRh80K7BxOlk5/8JxuGnuhpl+muw=
golang.org/x/term v0.0.0-20201126162022-7de9c90e9dd1/go.mod h1:bj7SfCRtBDWHUb9snDiAeCFNEtKQo2Wmx5Cou7ajbmo=
golang.org/x/text v0.3.0/go.mod h1:NqM8EUOU14njkJ3fqMW+pc6Ldnwhi/IjpwHt7yyuwOQ=
golang.org/x/text v0.3.3/go.mod h1:5Zoc/QRtKVWzQhOtBMvqHzDpF6irO9z98xDceosuGiQ=
golang.org/x/text v0.3.5/go.mod h1:5Zoc/QRtKVWzQhOtBMvqHzDpF6irO9z98xDceosuGiQ=
golang.org/x/tools v0.0.0-20180917221912-90fa682c2a6e/go.mod h1:n7NCudcB/nEzxVGmLbDWY5pfWTLqBcC2KZ6jyYvM4mQ=
golang.org/x/xerrors v0.0.0-20191204190536-9bdfabe68543/go.mod h1:I/5z698sn9Ka8TeJc9MKroUUfqBBauWjQqLJ2OPfmY0=
gopkg.in/check.v1 v0.0.0-20161208181325-20d25e280405/go.mod h1:Co6ibVJAznAaIkqp8huTwlJQCZ016jof/cbN4VW5Yz0=
gopkg.in/yaml.v3 v3.0.0-20200313102051-9f266ea9e77c h1:dUUwHk2QECo/6vqA44rthZ8ie2QXMNeKRTHCNY2nXvo=
gopkg.in/yaml.v3 v3.0.0-20200313102051-9f266ea9e77c/go.mod h1:K4uyk7z7BCEPqu6E+C64Yfv1cQ7kz7rIZviUmN+EgEM=
