cloud.google.com/go v0.26.0/go.mod h1:aQUYkXzVsufM+DwF1aE+0xfcU+56JwCaLick0ClmMTw=
github.com/BurntSushi/toml v0.3.1/go.mod h1:xHWCNGjB5oqiDr8zfno3MHue2Ht5sIBksp03qcyfWMU=
github.com/andybalholm/brotli v1.0.0 h1:7UCwP93aiSfvWpapti8g88vVVGp2qqtGyePsSuDafo4=
github.com/andybalholm/brotli v1.0.0/go.mod h1:loMXtMfwqflxFJPmdbJO0a3KNoPuLBgiu3qAvBg8x/Y=
github.com/andybalholm/brotli v1.0.1 h1:KqhlKozYbRtJvsPrrEeXcO+N2l6NYT5A2QAFmSULpEc=
github.com/andybalholm/brotli v1.0.1/go.mod h1:loMXtMfwqflxFJPmdbJO0a3KNoPuLBgiu3qAvBg8x/Y=
github.com/census-instrumentation/opencensus-proto v0.2.1/go.mod h1:f6KPmirojxKA12rnyqOA5BBL4O983OfeGPqjHWSTneU=
github.com/client9/misspell v0.3.4/go.mod h1:qj6jICC3Q7zFZvVWo7KLAzC3yx5G7kyvSDkc90ppPyw=
github.com/davecgh/go-spew v1.1.0/go.mod h1:J7Y8YcW2NihsgmVo/mv3lAwl/skON4iLHjSsI+c5H38=
github.com/davecgh/go-spew v1.1.1/go.mod h1:J7Y8YcW2NihsgmVo/mv3lAwl/skON4iLHjSsI+c5H38=
github.com/envoyproxy/go-control-plane v0.9.1-0.20191026205805-5f8ba28d4473/go.mod h1:YTl/9mNaCwkRvm6d1a2C3ymFceY/DCBVvsKhRF0iEA4=
github.com/envoyproxy/protoc-gen-validate v0.1.0/go.mod h1:iSmxcyjqTsJpI2R4NaDN7+kN2VEUnK/pcBlmesArF7c=
github.com/fasthttp/websocket v1.4.2/go.mod h1:smsv/h4PBEBaU0XDTY5UwJTpZv69fQ0FfcLJr21mA6Y=
github.com/fasthttp/websocket v1.4.3 h1:qjhRJ/rTy4KB8oBxljEC00SDt6HUY9jLRfM601SUdS4=
github.com/fasthttp/websocket v1.4.3/go.mod h1:5r4oKssgS7W6Zn6mPWap3NWzNPJNzUUh3baWTOhcYQk=
github.com/fatih/color v1.7.0 h1:DkWD4oS2D8LGGgTQ6IvwJJXSL5Vp2ffcQg58nFV38Ys=
github.com/fatih/color v1.7.0/go.mod h1:Zm6kSWBoL9eyXnKyktHP6abPY2pDugNf5KwzbycvMj4=
github.com/gofiber/fiber/v2 v2.1.0/go.mod h1:aG+lMkwy3LyVit4CnmYUbUdgjpc3UYOltvlJZ78rgQ0=
github.com/gofiber/fiber/v2 v2.1.3/go.mod h1:MMiSv1HrDkN8Pv7NeVDYK+T/lwXOEKAvPBbLvJPCEfA=
github.com/gofiber/fiber/v2 v2.2.0 h1:U9IkTlomVnR+Q5aBhgC0R6ePTiwTnNLXWQR+h+oYUN8=
github.com/gofiber/fiber/v2 v2.2.0/go.mod h1:Slpou87elSO9qom9nwIo/IoQJ2qfRuMAQ/qQ9F0o4b0=
github.com/gofiber/fiber/v2 v2.8.0 h1:BdWvZmg/WY/Vjtjm38aXOp1Lks1BhuyS2b7lSWSPAzk=
github.com/gofiber/fiber/v2 v2.8.0/go.mod h1:Ah3IJikrKNRepl/HuVawppS25X7FWohwfCSRn7kJG28=
github.com/gofiber/websocket/v2 v2.0.2 h1:UA/6NpyG+vmPGlvJvW8MJPJpRFuS7abinZ5HbLuV8u0=
github.com/gofiber/websocket/v2 v2.0.2/go.mod h1:7VBnzEVRK0K0eTIVc5GbXPF1JWUFnllY0X4cRtG2v78=
github.com/gofiber/websocket/v2 v2.0.3 h1:nqPGHB4LQhxKX5KJUjayOd2xiiENieS/dn6TPfCL8uk=
github.com/gofiber/websocket/v2 v2.0.3/go.mod h1:/OTEImCxORKE5unw0dWqJYovid6vZF+wB1W0aaMKs2M=
github.com/golang/glog v0.0.0-20160126235308-23def4e6c14b/go.mod h1:SBH7ygxi8pfUlaOkMMuAQtPIUF8ecWP5IEl/CR7VP2Q=
github.com/golang/mock v1.1.1/go.mod h1:oTYuIxOrZwtPieC+H1uAHpcLFnEyAGVDL/k47Jfbm0A=
github.com/golang/protobuf v1.2.0/go.mod h1:6lQm79b+lXiMfvg/cZm0SGofjICqVBUtrP5yJMmIC1U=
github.com/golang/protobuf v1.3.1/go.mod h1:6lQm79b+lXiMfvg/cZm0SGofjICqVBUtrP5yJMmIC1U=
github.com/golang/protobuf v1.3.2/go.mod h1:6lQm79b+lXiMfvg/cZm0SGofjICqVBUtrP5yJMmIC1U=
github.com/golang/protobuf v1.3.4 h1:87PNWwrRvUSnqS4dlcBU/ftvOIBep4sYuBLlh6rX2wk=
github.com/golang/protobuf v1.3.4/go.mod h1:vzj43D7+SQXF/4pzW/hwtAqwc6iTitCiVSaWz5lYuqw=
github.com/google/go-cmp v0.2.0/go.mod h1:oXzfMopK8JAjlY9xF4vHSVASa0yLyX7SntLO5aqRK0M=
github.com/google/go-cmp v0.5.2/go.mod h1:v8dTdLbMG2kIc/vJvl+f65V22dbkXbowE6jgT/gNBxE=
github.com/google/go-cmp v0.5.4/go.mod h1:v8dTdLbMG2kIc/vJvl+f65V22dbkXbowE6jgT/gNBxE=
github.com/google/go-cmp v0.5.5/go.mod h1:v8dTdLbMG2kIc/vJvl+f65V22dbkXbowE6jgT/gNBxE=
github.com/google/uuid v1.1.2 h1:EVhdT+1Kseyi1/pUmXKaFxYsDNy9RQYkMWRH68J/W7Y=
github.com/google/uuid v1.1.2/go.mod h1:TIyPZe4MgqvfeYDBFedMoGGpEw/LqOeaOT+nhxU+yHo=
github.com/google/uuid v1.2.0 h1:qJYtXnJRWmpe7m/3XlyhrsLrEURqHRM2kxzoxXqyUDs=
github.com/google/uuid v1.2.0/go.mod h1:TIyPZe4MgqvfeYDBFedMoGGpEw/LqOeaOT+nhxU+yHo=
github.com/hashicorp/go-hclog v0.14.1 h1:nQcJDQwIAGnmoUWp8ubocEX40cCml/17YkF6csQLReU=
github.com/hashicorp/go-hclog v0.14.1/go.mod h1:whpDNt7SSdeAju8AWKIWsul05p54N/39EeqMAyrmvFQ=
github.com/hashicorp/go-plugin v1.4.0 h1:b0O7rs5uiJ99Iu9HugEzsM67afboErkHUWddUSpUO3A=
github.com/hashicorp/go-plugin v1.4.0/go.mod h1:5fGEH17QVwTTcR0zV7yhDPLLmFX9YSZ38b18Udy6vYQ=
github.com/hashicorp/yamux v0.0.0-20180604194846-3520598351bb h1:b5rjCoWHc7eqmAS4/qyk21ZsHyb6Mxv/jykxvNTkU4M=
github.com/hashicorp/yamux v0.0.0-20180604194846-3520598351bb/go.mod h1:+NfK9FKeTrX5uv1uIXGdwYDTeHna2qgaIlx54MXqjAM=
github.com/jhump/protoreflect v1.6.0/go.mod h1:eaTn3RZAmMBcV0fifFvlm6VHNz3wSkYyXYWUh7ymB74=
github.com/klauspost/compress v1.8.2/go.mod h1:RyIbtBH6LamlWaDj8nUwkbUhJ87Yi3uG0guNDohfE1A=
github.com/klauspost/compress v1.10.4/go.mod h1:aoV0uJVorq1K+umq18yTdKaF57EivdYsUV+/s2qKfXs=
github.com/klauspost/compress v1.10.7/go.mod h1:aoV0uJVorq1K+umq18yTdKaF57EivdYsUV+/s2qKfXs=
github.com/klauspost/compress v1.11.0 h1:wJbzvpYMVGG9iTI9VxpnNZfd4DzMPoCWze3GgSqz8yg=
github.com/klauspost/compress v1.11.0/go.mod h1:aoV0uJVorq1K+umq18yTdKaF57EivdYsUV+/s2qKfXs=
github.com/klauspost/compress v1.11.8/go.mod h1:aoV0uJVorq1K+umq18yTdKaF57EivdYsUV+/s2qKfXs=
github.com/klauspost/compress v1.11.13 h1:eSvu8Tmq6j2psUJqJrLcWH6K3w5Dwc+qipbaA6eVEN4=
github.com/klauspost/compress v1.11.13/go.mod h1:aoV0uJVorq1K+umq18yTdKaF57EivdYsUV+/s2qKfXs=
github.com/klauspost/cpuid v1.2.1/go.mod h1:Pj4uuM528wm8OyEC2QMXAi2YiTZ96dNQPGgoMS4s3ek=
github.com/magefile/mage v1.10.0 h1:3HiXzCUY12kh9bIuyXShaVe529fJfyqoVM42o/uom2g=
github.com/magefile/mage v1.10.0/go.mod h1:z5UZb/iS3GoOSn0JgWuiw7dxlurVYTu+/jHXqQg881A=
github.com/mattn/go-colorable v0.1.4 h1:snbPLB8fVfU9iwbbo30TPtbLRzwWu6aJS6Xh4eaaviA=
github.com/mattn/go-colorable v0.1.4/go.mod h1:U0ppj6V5qS13XJ6of8GYAs25YV2eR4EVcfRqFIhoBtE=
github.com/mattn/go-isatty v0.0.8/go.mod h1:Iq45c/XA43vh69/j3iqttzPXn0bhXyGjM0Hdxcsrc5s=
github.com/mattn/go-isatty v0.0.10 h1:qxFzApOv4WsAL965uUPIsXzAKCZxN2p9UqdhFS4ZW10=
github.com/mattn/go-isatty v0.0.10/go.mod h1:qgIWMr58cqv1PHHyhnkY9lrL7etaEgOFcMEpPG5Rm84=
github.com/mitchellh/go-testing-interface v0.0.0-20171004221916-a61a99592b77 h1:7GoSOOW2jpsfkntVKaS2rAr1TJqfcxotyaUcuxoZSzg=
github.com/mitchellh/go-testing-interface v0.0.0-20171004221916-a61a99592b77/go.mod h1:kRemZodwjscx+RGhAo8eIhFbs2+BFgRtFPeD/KE+zxI=
github.com/mitchellh/mapstructure v1.4.0 h1:7ks8ZkOP5/ujthUsT07rNv+nkLXCQWKNHuwzOAesEks=
github.com/mitchellh/mapstructure v1.4.0/go.mod h1:bFUtVrKA4DC2yAKiSyO/QUcy7e+RRV2QTWOzhPopBRo=
github.com/mitchellh/mapstructure v1.4.1 h1:CpVNEelQCZBooIPDn+AR3NpivK/TIKU8bDxdASFVQag=
github.com/mitchellh/mapstructure v1.4.1/go.mod h1:bFUtVrKA4DC2yAKiSyO/QUcy7e+RRV2QTWOzhPopBRo=
github.com/oklog/run v1.0.0 h1:Ru7dDtJNOyC66gQ5dQmaCa0qIsAUFY3sFpK1Xk8igrw=
github.com/oklog/run v1.0.0/go.mod h1:dlhp/R75TPv97u0XWUtDeV/lRKWPKSdTuV0TZvrmrQA=
github.com/pmezard/go-difflib v1.0.0/go.mod h1:iKH77koFhYxTK1pcRnkKkqfTogsbg7gZNVY4sRDYZ/4=
github.com/prometheus/client_model v0.0.0-20190812154241-14fe0d1b01d4/go.mod h1:xMI15A0UPsDsEKsMN9yxemIoYk6Tm2C1GtYGdfGttqA=
github.com/savsgio/gotils v0.0.0-20200117113501-90175b0fbe3f/go.mod h1:lHhJedqxCoHN+zMtwGNTXWmF0u9Jt363FYRhV6g0CdY=
github.com/savsgio/gotils v0.0.0-20200608150037-a5f6f5aef16c h1:2nF5+FZ4/qp7pZVL7fR6DEaSTzuDmNaFTyqp92/hwF8=
github.com/savsgio/gotils v0.0.0-20200608150037-a5f6f5aef16c/go.mod h1:TWNAOTaVzGOXq8RbEvHnhzA/A2sLZzgn0m6URjnukY8=
github.com/sirupsen/logrus v1.8.0 h1:nfhvjKcUMhBMVqbKHJlk5RPrrfYr/NMo3692g0dwfWU=
github.com/sirupsen/logrus v1.8.0/go.mod h1:4GuYW9TZmE769R5STWrRakJc4UqQ3+QQ95fyz7ENv1A=
github.com/sirupsen/logrus v1.8.1 h1:dJKuHgqk1NNQlqoA6BTlM1Wf9DOH3NBjQyu0h9+AZZE=
github.com/sirupsen/logrus v1.8.1/go.mod h1:yWOB1SBYBC5VeMP7gHvWumXLIWorT60ONWic61uBYv0=
github.com/stretchr/objx v0.1.0/go.mod h1:HFkY916IF+rwdDfMAkV7OtwuqBVzrE8GR6GFx+wExME=
github.com/stretchr/testify v1.2.2/go.mod h1:a8OnRcib4nhh0OaRAV+Yts87kKdq0PP7pXfy6kDkUVs=
github.com/stretchr/testify v1.3.0/go.mod h1:M5WIy9Dh21IEIfnGCwXGc5bZfKNJtfHm1UVUgZn+9EI=
github.com/stretchr/testify v1.6.1/go.mod h1:6Fq8oRcR53rry900zMqJjRRixrwX3KX962/h/Wwjteg=
github.com/stretchr/testify v1.7.0/go.mod h1:6Fq8oRcR53rry900zMqJjRRixrwX3KX962/h/Wwjteg=
github.com/valyala/bytebufferpool v1.0.0 h1:GqA5TC/0021Y/b9FG4Oi9Mr3q7XYx6KllzawFIhcdPw=
github.com/valyala/bytebufferpool v1.0.0/go.mod h1:6bBcMArwyJ5K/AmCkWv1jt77kVWyCJ6HpOuEn7z0Csc=
github.com/valyala/fasthttp v1.9.0/go.mod h1:FstJa9V+Pj9vQ7OJie2qMHdwemEDaDiSdBnvPM1Su9w=
github.com/valyala/fasthttp v1.14.0/go.mod h1:ol1PCaL0dX20wC0htZ7sYCsvCYmrouYra0zHzaclZhE=
github.com/valyala/fasthttp v1.16.0/go.mod h1:YOKImeEosDdBPnxc0gy7INqi3m1zK6A+xl6TwOBhHCA=
github.com/valyala/fasthttp v1.17.0 h1:P8/koH4aSnJ4xbd0cUUFEGQs3jQqIxoDDyRQrUiAkqg=
github.com/valyala/fasthttp v1.17.0/go.mod h1:jjraHZVbKOXftJfsOYoAjaeygpj5hr8ermTRJNroD7A=
github.com/valyala/fasthttp v1.23.0 h1:0ufwSD9BhWa6f8HWdmdq4FHQ23peRo3Ng/Qs8m5NcFs=
github.com/valyala/fasthttp v1.23.0/go.mod h1:0mw2RjXGOzxf4NL2jni3gUQ7LfjjUSiG5sskOUUSEpU=
github.com/valyala/tcplisten v0.0.0-20161114210144-ceec8f93295a h1:0R4NLDRDZX6JcmhJgXi5E4b8Wg84ihbmUKp/GvSPEzc=
github.com/valyala/tcplisten v0.0.0-20161114210144-ceec8f93295a/go.mod h1:v3UYOV9WzVtRmSR+PDvWpU/qWl4Wa5LApYYX4ZtKbio=
github.com/whitaker-io/data v0.1.2 h1:AmjVjQu0JMjmTxMgQc+jb+Hm9Nbf7PmXytB4XbWvBDY=
github.com/whitaker-io/data v0.1.2/go.mod h1:a7+TjyUrdKkpbLLGH9FwflI/LU93x5FyQ22mWvoKXQk=
github.com/whitaker-io/machine v0.11.4 h1:NPy53s5xhuE5+naPyo+LRW9ym7mxorO59AFMOHoCezg=
github.com/whitaker-io/machine v0.11.4/go.mod h1:JwN3ei4KUbV2041ZS5RPhdz5xNizv0JuzpUAht3mKVA=
github.com/whitaker-io/machine v0.11.10 h1:1ypN8jzo0JuetoHxSwuvsfKdTmjEsh2fzH+PqtfQP20=
github.com/whitaker-io/machine v0.11.10/go.mod h1:JwN3ei4KUbV2041ZS5RPhdz5xNizv0JuzpUAht3mKVA=
github.com/whitaker-io/machine v0.11.11 h1:SEIpJC6bILQeEUkmTJQd+4fRC9w39yY6XS09QIGfbbI=
github.com/whitaker-io/machine v0.11.11/go.mod h1:JwN3ei4KUbV2041ZS5RPhdz5xNizv0JuzpUAht3mKVA=
github.com/whitaker-io/machine v0.11.12 h1:Zs67n6Mp7lfokX16JTvbmvhkL0Gr1ClJyADioplWlo8=
github.com/whitaker-io/machine v0.11.12/go.mod h1:JwN3ei4KUbV2041ZS5RPhdz5xNizv0JuzpUAht3mKVA=
github.com/whitaker-io/machine v0.11.13 h1:HP4X+mKlwY0gjwWMGkJKEZMwkfxBSPtpA6ej0/XiX1Y=
github.com/whitaker-io/machine v0.11.13/go.mod h1:JwN3ei4KUbV2041ZS5RPhdz5xNizv0JuzpUAht3mKVA=
github.com/whitaker-io/machine v0.11.14 h1:WPtBb3e8LUkISAtQCvkpU3K3iQaieqBh4Eis7Bj4SkU=
github.com/whitaker-io/machine v0.11.14/go.mod h1:JwN3ei4KUbV2041ZS5RPhdz5xNizv0JuzpUAht3mKVA=
github.com/whitaker-io/machine v0.11.15 h1:S8riZ0JcposwOOxoR4S3EvGxPG4MOED1/JbA5DNAA0I=
github.com/whitaker-io/machine v0.11.15/go.mod h1:JwN3ei4KUbV2041ZS5RPhdz5xNizv0JuzpUAht3mKVA=
github.com/whitaker-io/machine v0.11.16 h1:OD5HzSY5htLiJLgL4tA2lAX6lC6MM9j7F4U6lwQ8FCA=
github.com/whitaker-io/machine v0.11.16/go.mod h1:JwN3ei4KUbV2041ZS5RPhdz5xNizv0JuzpUAht3mKVA=
github.com/whitaker-io/machine v0.11.17 h1:0CpiaoxywK46/N+gB1J/tZbF+kU8iz6OuCaIC3Sh9zQ=
github.com/whitaker-io/machine v0.11.17/go.mod h1:JwN3ei4KUbV2041ZS5RPhdz5xNizv0JuzpUAht3mKVA=
github.com/whitaker-io/machine v0.11.18 h1:W2Yfdq6AywqrCqU9mVz8vqc9MXy74JpiOCor5YFOh+A=
github.com/whitaker-io/machine v0.11.18/go.mod h1:JwN3ei4KUbV2041ZS5RPhdz5xNizv0JuzpUAht3mKVA=
github.com/whitaker-io/machine v0.11.19 h1:e8WruRBJAzdhurcbrsCDaRWj6zGqThi+p9Bv7u+CsFY=
github.com/whitaker-io/machine v0.11.19/go.mod h1:JwN3ei4KUbV2041ZS5RPhdz5xNizv0JuzpUAht3mKVA=
github.com/whitaker-io/machine v0.11.20 h1:XJqGvQG/xMb85KJp4u0vzqbJ2iivK6aupxvRSEzJ5UU=
github.com/whitaker-io/machine v0.11.20/go.mod h1:JwN3ei4KUbV2041ZS5RPhdz5xNizv0JuzpUAht3mKVA=
github.com/whitaker-io/machine v0.11.21 h1:Yi1V82mW7np5+yFNgsJtUjxsZAjcTkA3RNBBaBhV1TY=
github.com/whitaker-io/machine v0.11.21/go.mod h1:JwN3ei4KUbV2041ZS5RPhdz5xNizv0JuzpUAht3mKVA=
github.com/whitaker-io/machine v0.11.22 h1:21l4H95aWVPWk+WQfbRjlZb5wkQ7YfmNqkiqptaE7l4=
github.com/whitaker-io/machine v0.11.22/go.mod h1:JwN3ei4KUbV2041ZS5RPhdz5xNizv0JuzpUAht3mKVA=
github.com/whitaker-io/machine v0.11.23 h1:heJtntC+DKDXTdP3F+e+AfMPBnKiq/7f6BOUb7EcatM=
github.com/whitaker-io/machine v0.11.23/go.mod h1:JwN3ei4KUbV2041ZS5RPhdz5xNizv0JuzpUAht3mKVA=
github.com/whitaker-io/machine v0.11.24 h1:82fOg0wReyWRaj2d1E1nx0G5vb4kiJCUIM4FuADySiE=
github.com/whitaker-io/machine v0.11.24/go.mod h1:JwN3ei4KUbV2041ZS5RPhdz5xNizv0JuzpUAht3mKVA=
github.com/whitaker-io/machine v0.11.25 h1:0yTHXAYAbvgZZHEzbPRzcz7kBB7p++TKnzRPR+QCpf8=
github.com/whitaker-io/machine v0.11.25/go.mod h1:JwN3ei4KUbV2041ZS5RPhdz5xNizv0JuzpUAht3mKVA=
github.com/whitaker-io/machine v0.11.26 h1:QOzz/v9Y1ByS96OgjS2qixevgtHGUdK7jOJK2QK1QYU=
github.com/whitaker-io/machine v0.11.26/go.mod h1:7YpOfdU5tfNv6vG49mF6ABsvO5SwzPYHk541M5PuZRc=
github.com/whitaker-io/machine v0.11.27 h1:Kl+j4OiRsiqdc5RznzJa5HVirbYpbkdN/pgFDsTzFY8=
github.com/whitaker-io/machine v0.11.27/go.mod h1:7YpOfdU5tfNv6vG49mF6ABsvO5SwzPYHk541M5PuZRc=
github.com/whitaker-io/machine v0.11.28 h1:+Cppr9z64sanCD55/4u0C/rBcrcoufle5kFjBhpMYUY=
github.com/whitaker-io/machine v0.11.28/go.mod h1:7YpOfdU5tfNv6vG49mF6ABsvO5SwzPYHk541M5PuZRc=
github.com/whitaker-io/machine v0.11.29 h1:jxZA4bMqW2b/bB8AAmYjnJN6a+npiXIPZQa8FqgR/tc=
github.com/whitaker-io/machine v0.11.29/go.mod h1:9o1fdHzu9RVGuIdVvd6+YVfvS//KfG+WQDVw8QDhGK0=
github.com/whitaker-io/machine v0.12.0 h1:tKKvBAdjZML4gvEsLqKgCE8erQeCwB4wYcqWitXH5GA=
github.com/whitaker-io/machine v0.12.0/go.mod h1:9o1fdHzu9RVGuIdVvd6+YVfvS//KfG+WQDVw8QDhGK0=
github.com/whitaker-io/machine v0.12.1 h1:GednwaDWDK5TxS/aq9Ssbwq0ai4pXgsDMTqnYg48AYU=
github.com/whitaker-io/machine v0.12.1/go.mod h1:9o1fdHzu9RVGuIdVvd6+YVfvS//KfG+WQDVw8QDhGK0=
github.com/whitaker-io/machine v0.12.2 h1:NlBScqZV86RPogU4uQE7256DfFfOyvcFXkNmfw4WDAE=
github.com/whitaker-io/machine v0.12.2/go.mod h1:9o1fdHzu9RVGuIdVvd6+YVfvS//KfG+WQDVw8QDhGK0=
github.com/whitaker-io/machine v0.12.3 h1:Id+tMa2XyCcHKH1jA798J3K4Tgfiz+aBnIsRu23JlJ8=
github.com/whitaker-io/machine v0.12.3/go.mod h1:9o1fdHzu9RVGuIdVvd6+YVfvS//KfG+WQDVw8QDhGK0=
github.com/whitaker-io/machine v0.12.4 h1:TSvh8plrYfibVISgx3xtLCQ9rz4nzJxBn3dbO5M2fK4=
github.com/whitaker-io/machine v0.12.4/go.mod h1:9o1fdHzu9RVGuIdVvd6+YVfvS//KfG+WQDVw8QDhGK0=
github.com/whitaker-io/machine v0.12.5 h1:V2FpXa3swUg+WdPjEdXKn4PeqRDlSpnPd4XbUMtoRe4=
github.com/whitaker-io/machine v0.12.5/go.mod h1:9o1fdHzu9RVGuIdVvd6+YVfvS//KfG+WQDVw8QDhGK0=
github.com/whitaker-io/machine v0.12.6 h1:5qeX6si5W+tahKHZCLGmc2riOyDUGtdiJhVCMEsnUF0=
github.com/whitaker-io/machine v0.12.6/go.mod h1:9o1fdHzu9RVGuIdVvd6+YVfvS//KfG+WQDVw8QDhGK0=
github.com/whitaker-io/machine v0.12.7 h1:AOzbozve5zTjXq96bi7wbyR3JhNVBCfD5D7hP0NwSYo=
github.com/whitaker-io/machine v0.12.7/go.mod h1:9o1fdHzu9RVGuIdVvd6+YVfvS//KfG+WQDVw8QDhGK0=
github.com/whitaker-io/machine v0.12.8 h1:D6mkGE7pMO1ThvlVOs8MEORSFvbJcIS7beAaFm2rncc=
github.com/whitaker-io/machine v0.12.8/go.mod h1:9o1fdHzu9RVGuIdVvd6+YVfvS//KfG+WQDVw8QDhGK0=
github.com/whitaker-io/machine v0.13.0 h1:wAfT5qelmpaEeratCNEqcPjGbEMKeSwVNmVRye/N/w0=
github.com/whitaker-io/machine v0.13.0/go.mod h1:9o1fdHzu9RVGuIdVvd6+YVfvS//KfG+WQDVw8QDhGK0=
github.com/whitaker-io/machine v0.13.1 h1:ZYNwvfPoERBOugjPq+rXf9TEgirhDAJnbXq9FmTlUoU=
github.com/whitaker-io/machine v0.13.1/go.mod h1:9o1fdHzu9RVGuIdVvd6+YVfvS//KfG+WQDVw8QDhGK0=
github.com/whitaker-io/machine v0.13.2 h1:AaxOif4HAHIjS/RWv1WUMF5iwGdc2Py8Qr2dFC0NL94=
github.com/whitaker-io/machine v0.13.2/go.mod h1:9o1fdHzu9RVGuIdVvd6+YVfvS//KfG+WQDVw8QDhGK0=
github.com/whitaker-io/machine v0.13.3 h1:Dj8BbL36EizI3VelsXfH2tKQDIPXqNRHCW9Pgfl38ks=
github.com/whitaker-io/machine v0.13.3/go.mod h1:9o1fdHzu9RVGuIdVvd6+YVfvS//KfG+WQDVw8QDhGK0=
github.com/whitaker-io/machine v0.13.4 h1:95ZjSO+KCpwPsJNb5ecGNo77csW/P8l5Y+/Pnd6yoLU=
github.com/whitaker-io/machine v0.13.4/go.mod h1:9o1fdHzu9RVGuIdVvd6+YVfvS//KfG+WQDVw8QDhGK0=
github.com/whitaker-io/machine v0.13.5 h1:45ssgzxddXK5acnywQGhJ4PRoeSR2XhVi3AinQIOIPY=
github.com/whitaker-io/machine v0.13.5/go.mod h1:9o1fdHzu9RVGuIdVvd6+YVfvS//KfG+WQDVw8QDhGK0=
github.com/whitaker-io/machine v0.13.6 h1:ootRck2RxQrpTSbuSzS682pSbJRl21l0T0/gcv1fk2k=
github.com/whitaker-io/machine v0.13.6/go.mod h1:9o1fdHzu9RVGuIdVvd6+YVfvS//KfG+WQDVw8QDhGK0=
github.com/whitaker-io/machine v0.13.7 h1:Ist5wrmnDTmaoksyZoAxPdW0qtjVlb54lakl5tfDsJY=
github.com/whitaker-io/machine v0.13.7/go.mod h1:9o1fdHzu9RVGuIdVvd6+YVfvS//KfG+WQDVw8QDhGK0=
github.com/whitaker-io/machine v0.13.8 h1:D4nXidwQl0qt2a8FrNYRWHOeiTEWkNlK1EkDHbeINSE=
github.com/whitaker-io/machine v0.13.8/go.mod h1:9o1fdHzu9RVGuIdVvd6+YVfvS//KfG+WQDVw8QDhGK0=
github.com/whitaker-io/machine v0.13.9 h1:h4Q010BHbeG1OdjMhMqwpEdHM+fzljFeAPyOcrjDhyg=
github.com/whitaker-io/machine v0.13.9/go.mod h1:9o1fdHzu9RVGuIdVvd6+YVfvS//KfG+WQDVw8QDhGK0=
github.com/whitaker-io/machine v0.13.10 h1:31n0gUXSe6X8WUs+3Nv+Rqdv6oHZRa2mR+nYsAUPuLs=
github.com/whitaker-io/machine v0.13.10/go.mod h1:9o1fdHzu9RVGuIdVvd6+YVfvS//KfG+WQDVw8QDhGK0=
github.com/whitaker-io/machine v0.13.11 h1:R1TbxDyMjyILHJ+V57zUc0/Uig0Vz1kDu98ucLvNSAg=
github.com/whitaker-io/machine v0.13.11/go.mod h1:9o1fdHzu9RVGuIdVvd6+YVfvS//KfG+WQDVw8QDhGK0=
github.com/whitaker-io/machine v0.13.12 h1:Q2Bw8R4wjRYm4ymvvCB9xy3OJ3vwFe4efWxgqFU4wqw=
github.com/whitaker-io/machine v0.13.12/go.mod h1:9o1fdHzu9RVGuIdVvd6+YVfvS//KfG+WQDVw8QDhGK0=
github.com/whitaker-io/machine v0.14.0 h1:Fc5jr76rhOk6QYSr713qW0vK9bqlOh4l0jHH6ZzfRzU=
github.com/whitaker-io/machine v0.14.0/go.mod h1:CRVwjrza4ItkEZ+34/TOEaycgYeb00EEdUoAnqbFtFc=
github.com/whitaker-io/machine v0.14.1 h1:2mX9Ojfm+X1GCvZXsRHl90WTMeOa7HXuMbwOH7DUsJc=
github.com/whitaker-io/machine v0.14.1/go.mod h1:KkJE/HibwO4tSrxnXsF/pT9bKzgTKW2M2WBkWxqusTo=
github.com/whitaker-io/machine v0.14.2 h1:Z/Jhpoh1ZtDusONmHgkg3cBL/Lg4MVteAQlOKjD/I2o=
github.com/whitaker-io/machine v0.14.2/go.mod h1:KkJE/HibwO4tSrxnXsF/pT9bKzgTKW2M2WBkWxqusTo=
github.com/whitaker-io/machine v0.14.3 h1:R8b+oFPazPp0H/2LY4VWZYWEwcGOrQ/239OOvssH0Q4=
github.com/whitaker-io/machine v0.14.3/go.mod h1:KkJE/HibwO4tSrxnXsF/pT9bKzgTKW2M2WBkWxqusTo=
github.com/whitaker-io/machine v0.14.4 h1:Px3n6m8VEkvwP6t+t/P1P+g/NU5Yls/ES9bXKsf8YaY=
github.com/whitaker-io/machine v0.14.4/go.mod h1:w6XBGwgfaa4QnGDK5urVRsrU4kdgkoo/ceX4smVTOMk=
github.com/whitaker-io/machine v0.14.5 h1:IaFAaxD7/VaoxmOolI0kxYpIA6Dm5KH+Ypfyav2Wf1o=
github.com/whitaker-io/machine v0.14.5/go.mod h1:TAh34CHBrUda3qzZ1tr9H4ZFBbWWOLRxuRzPeLVicWE=
github.com/whitaker-io/machine v0.14.6 h1:xdsmrNJT/yPDmwGUY39cHAzOr9To1BBm/tJWyRQORzc=
github.com/whitaker-io/machine v0.14.6/go.mod h1:9G8ubvQP0QRDF0GN4TW1sMJVVVg5ifjy+GyMtxBv0HQ=
github.com/whitaker-io/machine v0.14.7 h1:RGi4G27FtIOX3BTesb2lodj3Y0gw9yU0+sRIgOWUNUA=
github.com/whitaker-io/machine v0.14.7/go.mod h1:M3JNqL4sSn57wlZAmLysqcQ3xb+S6UV9MHcNBj6UNRM=
go.opentelemetry.io/otel v0.13.0 h1:2isEnyzjjJZq6r2EKMsFj4TxiQiexsM04AVhwbR/oBA=
go.opentelemetry.io/otel v0.13.0/go.mod h1:dlSNewoRYikTkotEnxdmuBHgzT+k/idJSfDv/FxEnOY=
go.opentelemetry.io/otel v0.18.0 h1:d5Of7+Zw4ANFOJB+TIn2K3QWsgS2Ht7OU9DqZHI6qu8=
go.opentelemetry.io/otel v0.18.0/go.mod h1:PT5zQj4lTsR1YeARt8YNKcFb88/c2IKoSABK9mX0r78=
go.opentelemetry.io/otel v0.20.0 h1:eaP0Fqu7SXHwvjiqDq83zImeehOHX8doTvU9AwXON8g=
go.opentelemetry.io/otel v0.20.0/go.mod h1:Y3ugLH2oa81t5QO+Lty+zXf8zC9L26ax4Nzoxm/dooo=
go.opentelemetry.io/otel/metric v0.18.0 h1:yuZCmY9e1ZTaMlZXLrrbAPmYW6tW1A5ozOZeOYGaTaY=
go.opentelemetry.io/otel/metric v0.18.0/go.mod h1:kEH2QtzAyBy3xDVQfGZKIcok4ZZFvd5xyKPfPcuK6pE=
go.opentelemetry.io/otel/metric v0.20.0 h1:4kzhXFP+btKm4jwxpjIqjs41A7MakRFUS86bqLHTIw8=
go.opentelemetry.io/otel/metric v0.20.0/go.mod h1:598I5tYlH1vzBjn+BTuhzTCSb/9debfNp6R3s7Pr1eU=
go.opentelemetry.io/otel/oteltest v0.18.0/go.mod h1:NyierCU3/G8DLTva7KRzGii2fdxdR89zXKH1bNWY7Bo=
go.opentelemetry.io/otel/oteltest v0.20.0/go.mod h1:L7bgKf9ZB7qCwT9Up7i9/pn0PWIa9FqQ2IQ8LoxiGnw=
go.opentelemetry.io/otel/trace v0.18.0 h1:ilCfc/fptVKaDMK1vWk0elxpolurJbEgey9J6g6s+wk=
go.opentelemetry.io/otel/trace v0.18.0/go.mod h1:FzdUu3BPwZSZebfQ1vl5/tAa8LyMLXSJN57AXIt/iDk=
go.opentelemetry.io/otel/trace v0.20.0 h1:1DL6EXUdcg95gukhuRRvLDO/4X5THh/5dIV52lqtnbw=
go.opentelemetry.io/otel/trace v0.20.0/go.mod h1:6GjCW8zgDjwGHGa6GkyeB8+/5vjT16gUEi0Nf1iBdgw=
golang.org/x/crypto v0.0.0-20190308221718-c2843e01d9a2/go.mod h1:djNgcEr1/C05ACkg1iLfiJU5Ep61QUkGW8qpdssI0+w=
golang.org/x/crypto v0.0.0-20200622213623-75b288015ac9/go.mod h1:LzIPMQfyMNhhGPhUkYOs5KpL4U8rLKemX1yGLhDgUto=
golang.org/x/crypto v0.0.0-20210220033148-5ea612d1eb83/go.mod h1:jdWPYTVW3xRLrWPugEBEK3UY2ZEsg3UU495nc5E+M+I=
golang.org/x/exp v0.0.0-20190121172915-509febef88a4/go.mod h1:CJ0aWSM057203Lf6IL+f9T1iT9GByDxfZKAQTCR3kQA=
golang.org/x/lint v0.0.0-20181026193005-c67002cb31c3/go.mod h1:UVdnD1Gm6xHRNCYTkRU2/jEulfH38KcIWyp/GAMgvoE=
golang.org/x/lint v0.0.0-20190227174305-5b3e6a55c961/go.mod h1:wehouNa3lNwaWXcvxsM5YxQ5yQlVC4a0KAMCusXpPoU=
golang.org/x/lint v0.0.0-20190313153728-d0100b6bd8b3/go.mod h1:6SW0HCj/g11FgYtHlgUYUwCkIfeOF89ocIRzGO/8vkc=
golang.org/x/net v0.0.0-20180530234432-1e491301e022/go.mod h1:mL1N/T3taQHkDXs73rZJwtUhF3w3ftmwwsq0BUmARs4=
golang.org/x/net v0.0.0-20180724234803-3673e40ba225/go.mod h1:mL1N/T3taQHkDXs73rZJwtUhF3w3ftmwwsq0BUmARs4=
golang.org/x/net v0.0.0-20180826012351-8a410e7b638d/go.mod h1:mL1N/T3taQHkDXs73rZJwtUhF3w3ftmwwsq0BUmARs4=
golang.org/x/net v0.0.0-20190213061140-3a22650c66bd/go.mod h1:mL1N/T3taQHkDXs73rZJwtUhF3w3ftmwwsq0BUmARs4=
golang.org/x/net v0.0.0-20190311183353-d8887717615a/go.mod h1:t9HGtf8HONx5eT2rtn7q6eTqICYqUVnKs3thJo3Qplg=
golang.org/x/net v0.0.0-20190404232315-eb5bcb51f2a3/go.mod h1:t9HGtf8HONx5eT2rtn7q6eTqICYqUVnKs3thJo3Qplg=
golang.org/x/net v0.0.0-20190827160401-ba9fcec4b297/go.mod h1:z5CRVTTTmAJ677TzLLGU+0bjPO0LkuOLi4/5GtJWs/s=
golang.org/x/net v0.0.0-20200324143707-d3edc9973b7e/go.mod h1:qpuaurCH72eLCgpAm/N6yyVIVM9cpaDIP3A8BGJEC5A=
golang.org/x/net v0.0.0-20200602114024-627f9648deb9/go.mod h1:qpuaurCH72eLCgpAm/N6yyVIVM9cpaDIP3A8BGJEC5A=
golang.org/x/net v0.0.0-20201016165138-7b1cca2348c0 h1:5kGOVHlq0euqwzgTC9Vu15p6fV1Wi0ArVi8da2urnVg=
golang.org/x/net v0.0.0-20201016165138-7b1cca2348c0/go.mod h1:sp8m0HH+o8qH0wwXwYZr8TS3Oi6o0r6Gce1SSxlDquU=
golang.org/x/net v0.0.0-20210226101413-39120d07d75e h1:jIQURUJ9mlLvYwTBtRHm9h58rYhSonLvRvgAnP8Nr7I=
golang.org/x/net v0.0.0-20210226101413-39120d07d75e/go.mod h1:m0MpNAwzfU5UDzcl9v0D8zg8gWTRqZa9RBIspLL5mdg=
golang.org/x/oauth2 v0.0.0-20180821212333-d2e6202438be/go.mod h1:N/0e6XlmueqKjAGxoOufVs8QHGRruUQn6yWY3a++T0U=
golang.org/x/sync v0.0.0-20180314180146-1d60e4601c6f/go.mod h1:RxMgew5VJxzue5/jJTE5uejpjVlOe/izrB70Jof72aM=
golang.org/x/sync v0.0.0-20181108010431-42b317875d0f/go.mod h1:RxMgew5VJxzue5/jJTE5uejpjVlOe/izrB70Jof72aM=
golang.org/x/sync v0.0.0-20190423024810-112230192c58/go.mod h1:RxMgew5VJxzue5/jJTE5uejpjVlOe/izrB70Jof72aM=
golang.org/x/sys v0.0.0-20180830151530-49385e6e1522/go.mod h1:STP8DvDyc/dI5b8T5hshtkjS+E42TnysNCUPdjciGhY=
golang.org/x/sys v0.0.0-20190215142949-d0b11bdaac8a/go.mod h1:STP8DvDyc/dI5b8T5hshtkjS+E42TnysNCUPdjciGhY=
golang.org/x/sys v0.0.0-20190222072716-a9d3bda3a223/go.mod h1:STP8DvDyc/dI5b8T5hshtkjS+E42TnysNCUPdjciGhY=
golang.org/x/sys v0.0.0-20190412213103-97732733099d/go.mod h1:h1NjWce9XRLGQEsW7wpKNCjG9DtNlClVuFLEZdDNbEs=
golang.org/x/sys v0.0.0-20191008105621-543471e840be/go.mod h1:h1NjWce9XRLGQEsW7wpKNCjG9DtNlClVuFLEZdDNbEs=
golang.org/x/sys v0.0.0-20191026070338-33540a1f6037/go.mod h1:h1NjWce9XRLGQEsW7wpKNCjG9DtNlClVuFLEZdDNbEs=
golang.org/x/sys v0.0.0-20200323222414-85ca7c5b95cd/go.mod h1:h1NjWce9XRLGQEsW7wpKNCjG9DtNlClVuFLEZdDNbEs=
golang.org/x/sys v0.0.0-20200602225109-6fdc65e7d980/go.mod h1:h1NjWce9XRLGQEsW7wpKNCjG9DtNlClVuFLEZdDNbEs=
golang.org/x/sys v0.0.0-20200930185726-fdedc70b468f/go.mod h1:h1NjWce9XRLGQEsW7wpKNCjG9DtNlClVuFLEZdDNbEs=
golang.org/x/sys v0.0.0-20201015000850-e3ed0017c211/go.mod h1:h1NjWce9XRLGQEsW7wpKNCjG9DtNlClVuFLEZdDNbEs=
golang.org/x/sys v0.0.0-20201101102859-da207088b7d1 h1:a/mKvvZr9Jcc8oKfcmgzyp7OwF73JPWsQLvH1z2Kxck=
golang.org/x/sys v0.0.0-20201101102859-da207088b7d1/go.mod h1:h1NjWce9XRLGQEsW7wpKNCjG9DtNlClVuFLEZdDNbEs=
golang.org/x/sys v0.0.0-20201119102817-f84b799fce68/go.mod h1:h1NjWce9XRLGQEsW7wpKNCjG9DtNlClVuFLEZdDNbEs=
golang.org/x/sys v0.0.0-20210225134936-a50acf3fe073 h1:8qxJSnu+7dRq6upnbntrmriWByIakBuct5OM/MdQC1M=
golang.org/x/sys v0.0.0-20210225134936-a50acf3fe073/go.mod h1:h1NjWce9XRLGQEsW7wpKNCjG9DtNlClVuFLEZdDNbEs=
golang.org/x/term v0.0.0-20201117132131-f5c789dd3221/go.mod h1:Nr5EML6q2oocZ2LXRh80K7BxOlk5/8JxuGnuhpl+muw=
golang.org/x/term v0.0.0-20201126162022-7de9c90e9dd1/go.mod h1:bj7SfCRtBDWHUb9snDiAeCFNEtKQo2Wmx5Cou7ajbmo=
golang.org/x/text v0.3.0/go.mod h1:NqM8EUOU14njkJ3fqMW+pc6Ldnwhi/IjpwHt7yyuwOQ=
golang.org/x/text v0.3.3 h1:cokOdA+Jmi5PJGXLlLllQSgYigAEfHXJAERHVMaCc2k=
golang.org/x/text v0.3.3/go.mod h1:5Zoc/QRtKVWzQhOtBMvqHzDpF6irO9z98xDceosuGiQ=
golang.org/x/text v0.3.5 h1:i6eZZ+zk0SOf0xgBpEpPD18qWcJda6q1sxt3S0kzyUQ=
golang.org/x/text v0.3.5/go.mod h1:5Zoc/QRtKVWzQhOtBMvqHzDpF6irO9z98xDceosuGiQ=
golang.org/x/tools v0.0.0-20180917221912-90fa682c2a6e/go.mod h1:n7NCudcB/nEzxVGmLbDWY5pfWTLqBcC2KZ6jyYvM4mQ=
golang.org/x/tools v0.0.0-20190114222345-bf090417da8b/go.mod h1:n7NCudcB/nEzxVGmLbDWY5pfWTLqBcC2KZ6jyYvM4mQ=
golang.org/x/tools v0.0.0-20190226205152-f727befe758c/go.mod h1:9Yl7xja0Znq3iFh3HoIrodX9oNMXvdceNzlUR8zjMvY=
golang.org/x/tools v0.0.0-20190311212946-11955173bddd/go.mod h1:LCzVGOaR6xXOjkQ3onu1FJEFr0SW1gC7cKk1uF8kGRs=
golang.org/x/tools v0.0.0-20190524140312-2c0ae7006135/go.mod h1:RgjU9mgBXZiqYHBnxXauZ1Gv1EHHAz9KjViQ78xBX0Q=
golang.org/x/xerrors v0.0.0-20191204190536-9bdfabe68543/go.mod h1:I/5z698sn9Ka8TeJc9MKroUUfqBBauWjQqLJ2OPfmY0=
google.golang.org/appengine v1.1.0/go.mod h1:EbEs0AVv82hx2wNQdGPgUI5lhzA/G0D9YwlJXL52JkM=
google.golang.org/appengine v1.4.0/go.mod h1:xpcJRLb0r/rnEns0DIKYYv+WjYCduHsrkT7/EB5XEv4=
google.golang.org/genproto v0.0.0-20170818010345-ee236bd376b0/go.mod h1:JiN7NxoALGmiZfu7CAH4rXhgtRTLTxftemlI0sWmxmc=
google.golang.org/genproto v0.0.0-20180817151627-c66870c02cf8/go.mod h1:JiN7NxoALGmiZfu7CAH4rXhgtRTLTxftemlI0sWmxmc=
google.golang.org/genproto v0.0.0-20190819201941-24fa4b261c55 h1:gSJIx1SDwno+2ElGhA4+qG2zF97qiUzTM+rQ0klBOcE=
google.golang.org/genproto v0.0.0-20190819201941-24fa4b261c55/go.mod h1:DMBHOl98Agz4BDEuKkezgsaosCRResVns1a3J2ZsMNc=
google.golang.org/grpc v1.8.0/go.mod h1:yo6s7OP7yaDglbqo1J04qKzAhqBH6lvTonzMVmEdcZw=
google.golang.org/grpc v1.19.0/go.mod h1:mqu4LbDTu4XGKhr4mRzUsmM4RtVoemTSY81AxZiDr8c=
google.golang.org/grpc v1.23.0/go.mod h1:Y5yQAOtifL1yxbo5wqy6BxZv8vAUGQwXBOALyacEbxg=
google.golang.org/grpc v1.27.1 h1:zvIju4sqAGvwKspUQOhwnpcqSbzi7/H6QomNNjTL4sk=
google.golang.org/grpc v1.27.1/go.mod h1:qbnxyOmOxrQa7FizSgH+ReBfzJrCY1pSN7KXBS8abTk=
gopkg.in/check.v1 v0.0.0-20161208181325-20d25e280405/go.mod h1:Co6ibVJAznAaIkqp8huTwlJQCZ016jof/cbN4VW5Yz0=
gopkg.in/yaml.v3 v3.0.0-20200313102051-9f266ea9e77c h1:dUUwHk2QECo/6vqA44rthZ8ie2QXMNeKRTHCNY2nXvo=
gopkg.in/yaml.v3 v3.0.0-20200313102051-9f266ea9e77c/go.mod h1:K4uyk7z7BCEPqu6E+C64Yfv1cQ7kz7rIZviUmN+EgEM=
honnef.co/go/tools v0.0.0-20190102054323-c2f93a96b099/go.mod h1:rf3lG4BRIbNafJWhAfAdb/ePZxsR/4RtNHQocxwk9r4=
honnef.co/go/tools v0.0.0-20190523083050-ea95bdfd59fc/go.mod h1:rf3lG4BRIbNafJWhAfAdb/ePZxsR/4RtNHQocxwk9r4=
